version = 1
revision = 3
requires-python = "==3.12.*"

[[package]]
name = "altgraph"
version = "0.17.5"
source = { registry = "https://pypi.org/simple" }
sdist = { url = "https://files.pythonhosted.org/packages/7e/f8/97fdf103f38fed6792a1601dbc16cc8aac56e7459a9fff08c812d8ae177a/altgraph-0.17.5.tar.gz", hash = "sha256:c87b395dd12fabde9c99573a9749d67da8d29ef9de0125c7f536699b4a9bc9e7", size = 48428, upload-time = "2025-11-21T20:35:50.583Z" }
wheels = [
    { url = "https://files.pythonhosted.org/packages/a9/ba/000a1996d4308bc65120167c21241a3b205464a2e0b58deda26ae8ac21d1/altgraph-0.17.5-py2.py3-none-any.whl", hash = "sha256:f3a22400bce1b0c701683820ac4f3b159cd301acab067c51c653e06961600597", size = 21228, upload-time = "2025-11-21T20:35:49.444Z" },
]

[[package]]
name = "audio-blue"
version = "0.1.1"
source = { editable = "." }
dependencies = [
    { name = "pywebview" },
    { name = "pywin32" },
    { name = "winrt-windows-devices-enumeration" },
    { name = "winrt-windows-foundation" },
    { name = "winrt-windows-foundation-collections" },
    { name = "winrt-windows-media-audio" },
]

[package.dev-dependencies]
dev = [
    { name = "pyinstaller" },
    { name = "pytest" },
]

[package.metadata]
requires-dist = [
    { name = "pywebview", specifier = ">=6.1" },
    { name = "pywin32", specifier = ">=311" },
    { name = "winrt-windows-devices-enumeration", specifier = ">=3.2.1" },
    { name = "winrt-windows-foundation", specifier = ">=3.2.1" },
    { name = "winrt-windows-foundation-collections", specifier = ">=3.2.1" },
    { name = "winrt-windows-media-audio", specifier = ">=3.2.1" },
]

[package.metadata.requires-dev]
dev = [
    { name = "pyinstaller", specifier = ">=6.19.0" },
    { name = "pytest", specifier = ">=9.0.2" },
]

[[package]]
name = "bottle"
version = "0.13.4"
source = { registry = "https://pypi.org/simple" }
sdist = { url = "https://files.pythonhosted.org/packages/7a/71/cca6167c06d00c81375fd668719df245864076d284f7cb46a694cbeb5454/bottle-0.13.4.tar.gz", hash = "sha256:787e78327e12b227938de02248333d788cfe45987edca735f8f88e03472c3f47", size = 98717, upload-time = "2025-06-15T10:08:59.439Z" }
wheels = [
    { url = "https://files.pythonhosted.org/packages/83/f6/b55ec74cfe68c6584163faa311503c20b0da4c09883a41e8e00d6726c954/bottle-0.13.4-py2.py3-none-any.whl", hash = "sha256:045684fbd2764eac9cdeb824861d1551d113e8b683d8d26e296898d3dd99a12e", size = 103807, upload-time = "2025-06-15T10:08:57.691Z" },
]

[[package]]
name = "cffi"
version = "2.0.0"
source = { registry = "https://pypi.org/simple" }
dependencies = [
    { name = "pycparser", marker = "implementation_name != 'PyPy'" },
]
sdist = { url = "https://files.pythonhosted.org/packages/eb/56/b1ba7935a17738ae8453301356628e8147c79dbb825bcbc73dc7401f9846/cffi-2.0.0.tar.gz", hash = "sha256:44d1b5909021139fe36001ae048dbdde8214afa20200eda0f64c068cac5d5529", size = 523588, upload-time = "2025-09-08T23:24:04.541Z" }
wheels = [
    { url = "https://files.pythonhosted.org/packages/7b/2b/2b6435f76bfeb6bbf055596976da087377ede68df465419d192acf00c437/cffi-2.0.0-cp312-cp312-win32.whl", hash = "sha256:da902562c3e9c550df360bfa53c035b2f241fed6d9aef119048073680ace4a18", size = 172932, upload-time = "2025-09-08T23:22:57.188Z" },
    { url = "https://files.pythonhosted.org/packages/f8/ed/13bd4418627013bec4ed6e54283b1959cf6db888048c7cf4b4c3b5b36002/cffi-2.0.0-cp312-cp312-win_amd64.whl", hash = "sha256:da68248800ad6320861f129cd9c1bf96ca849a2771a59e0344e88681905916f5", size = 183557, upload-time = "2025-09-08T23:22:58.351Z" },
    { url = "https://files.pythonhosted.org/packages/95/31/9f7f93ad2f8eff1dbc1c3656d7ca5bfd8fb52c9d786b4dcf19b2d02217fa/cffi-2.0.0-cp312-cp312-win_arm64.whl", hash = "sha256:4671d9dd5ec934cb9a73e7ee9676f9362aba54f7f34910956b84d727b0d73fb6", size = 177762, upload-time = "2025-09-08T23:22:59.668Z" },
]

[[package]]
name = "clr-loader"
version = "0.2.10"
source = { registry = "https://pypi.org/simple" }
dependencies = [
    { name = "cffi" },
]
sdist = { url = "https://files.pythonhosted.org/packages/18/24/c12faf3f61614b3131b5c98d3bf0d376b49c7feaa73edca559aeb2aee080/clr_loader-0.2.10.tar.gz", hash = "sha256:81f114afbc5005bafc5efe5af1341d400e22137e275b042a8979f3feb9fc9446", size = 83605, upload-time = "2026-01-03T23:13:06.984Z" }
wheels = [
    { url = "https://files.pythonhosted.org/packages/c8/61/cf819f8e8bb4d4c74661acf2498ba8d4a296714be3478d21eaabf64f5b9b/clr_loader-0.2.10-py3-none-any.whl", hash = "sha256:ebbbf9d511a7fe95fa28a95a4e04cd195b097881dfe66158dc2c281d3536f282", size = 56483, upload-time = "2026-01-03T23:13:05.439Z" },
]

[[package]]
name = "colorama"
version = "0.4.6"
source = { registry = "https://pypi.org/simple" }
sdist = { url = "https://files.pythonhosted.org/packages/d8/53/6f443c9a4a8358a93a6792e2acffb9d9d5cb0a5cfd8802644b7b1c9a02e4/colorama-0.4.6.tar.gz", hash = "sha256:08695f5cb7ed6e0531a20572697297273c47b8cae5a63ffc6d6ed5c201be6e44", size = 27697, upload-time = "2022-10-25T02:36:22.414Z" }
wheels = [
    { url = "https://files.pythonhosted.org/packages/d1/d6/3965ed04c63042e047cb6a3e6ed1a63a35087b6a609aa3a15ed8ac56c221/colorama-0.4.6-py2.py3-none-any.whl", hash = "sha256:4f1d9991f5acc0ca119f9d443620b77f9d6b33703e51011c16baf57afb285fc6", size = 25335, upload-time = "2022-10-25T02:36:20.889Z" },
]

[[package]]
name = "iniconfig"
version = "2.3.0"
source = { registry = "https://pypi.org/simple" }
sdist = { url = "https://files.pythonhosted.org/packages/72/34/14ca021ce8e5dfedc35312d08ba8bf51fdd999c576889fc2c24cb97f4f10/iniconfig-2.3.0.tar.gz", hash = "sha256:c76315c77db068650d49c5b56314774a7804df16fee4402c1f19d6d15d8c4730", size = 20503, upload-time = "2025-10-18T21:55:43.219Z" }
wheels = [
    { url = "https://files.pythonhosted.org/packages/cb/b1/3846dd7f199d53cb17f49cba7e651e9ce294d8497c8c150530ed11865bb8/iniconfig-2.3.0-py3-none-any.whl", hash = "sha256:f631c04d2c48c52b84d0d0549c99ff3859c98df65b3101406327ecc7d53fbf12", size = 7484, upload-time = "2025-10-18T21:55:41.639Z" },
]

[[package]]
name = "macholib"
version = "1.16.4"
source = { registry = "https://pypi.org/simple" }
dependencies = [
    { name = "altgraph" },
]
sdist = { url = "https://files.pythonhosted.org/packages/10/2f/97589876ea967487978071c9042518d28b958d87b17dceb7cdc1d881f963/macholib-1.16.4.tar.gz", hash = "sha256:f408c93ab2e995cd2c46e34fe328b130404be143469e41bc366c807448979362", size = 59427, upload-time = "2025-11-22T08:28:38.373Z" }
wheels = [
    { url = "https://files.pythonhosted.org/packages/c7/d1/a9f36f8ecdf0fb7c9b1e78c8d7af12b8c8754e74851ac7b94a8305540fc7/macholib-1.16.4-py2.py3-none-any.whl", hash = "sha256:da1a3fa8266e30f0ce7e97c6a54eefaae8edd1e5f86f3eb8b95457cae90265ea", size = 38117, upload-time = "2025-11-22T08:28:36.939Z" },
]

[[package]]
name = "packaging"
version = "26.0"
source = { registry = "https://pypi.org/simple" }
sdist = { url = "https://files.pythonhosted.org/packages/65/ee/299d360cdc32edc7d2cf530f3accf79c4fca01e96ffc950d8a52213bd8e4/packaging-26.0.tar.gz", hash = "sha256:00243ae351a257117b6a241061796684b084ed1c516a08c48a3f7e147a9d80b4", size = 143416, upload-time = "2026-01-21T20:50:39.064Z" }
wheels = [
    { url = "https://files.pythonhosted.org/packages/b7/b9/c538f279a4e237a006a2c98387d081e9eb060d203d8ed34467cc0f0b9b53/packaging-26.0-py3-none-any.whl", hash = "sha256:b36f1fef9334a5588b4166f8bcd26a14e521f2b55e6b9de3aaa80d3ff7a37529", size = 74366, upload-time = "2026-01-21T20:50:37.788Z" },
]

[[package]]
name = "pefile"
version = "2024.8.26"
source = { registry = "https://pypi.org/simple" }
sdist = { url = "https://files.pythonhosted.org/packages/03/4f/2750f7f6f025a1507cd3b7218691671eecfd0bbebebe8b39aa0fe1d360b8/pefile-2024.8.26.tar.gz", hash = "sha256:3ff6c5d8b43e8c37bb6e6dd5085658d658a7a0bdcd20b6a07b1fcfc1c4e9d632", size = 76008, upload-time = "2024-08-26T20:58:38.155Z" }
wheels = [
    { url = "https://files.pythonhosted.org/packages/54/16/12b82f791c7f50ddec566873d5bdd245baa1491bac11d15ffb98aecc8f8b/pefile-2024.8.26-py3-none-any.whl", hash = "sha256:76f8b485dcd3b1bb8166f1128d395fa3d87af26360c2358fb75b80019b957c6f", size = 74766, upload-time = "2024-08-26T21:01:02.632Z" },
]

[[package]]
name = "pluggy"
version = "1.6.0"
source = { registry = "https://pypi.org/simple" }
sdist = { url = "https://files.pythonhosted.org/packages/f9/e2/3e91f31a7d2b083fe6ef3fa267035b518369d9511ffab804f839851d2779/pluggy-1.6.0.tar.gz", hash = "sha256:7dcc130b76258d33b90f61b658791dede3486c3e6bfb003ee5c9bfb396dd22f3", size = 69412, upload-time = "2025-05-15T12:30:07.975Z" }
wheels = [
    { url = "https://files.pythonhosted.org/packages/54/20/4d324d65cc6d9205fabedc306948156824eb9f0ee1633355a8f7ec5c66bf/pluggy-1.6.0-py3-none-any.whl", hash = "sha256:e920276dd6813095e9377c0bc5566d94c932c33b27a3e3945d8389c374dd4746", size = 20538, upload-time = "2025-05-15T12:30:06.134Z" },
]

[[package]]
name = "proxy-tools"
version = "0.1.0"
source = { registry = "https://pypi.org/simple" }
sdist = { url = "https://files.pythonhosted.org/packages/f2/cf/77d3e19b7fabd03895caca7857ef51e4c409e0ca6b37ee6e9f7daa50b642/proxy_tools-0.1.0.tar.gz", hash = "sha256:ccb3751f529c047e2d8a58440d86b205303cf0fe8146f784d1cbcd94f0a28010", size = 2978, upload-time = "2014-05-05T21:02:24.606Z" }

[[package]]
name = "pycparser"
version = "3.0"
source = { registry = "https://pypi.org/simple" }
sdist = { url = "https://files.pythonhosted.org/packages/1b/7d/92392ff7815c21062bea51aa7b87d45576f649f16458d78b7cf94b9ab2e6/pycparser-3.0.tar.gz", hash = "sha256:600f49d217304a5902ac3c37e1281c9fe94e4d0489de643a9504c5cdfdfc6b29", size = 103492, upload-time = "2026-01-21T14:26:51.89Z" }
wheels = [
    { url = "https://files.pythonhosted.org/packages/0c/c3/44f3fbbfa403ea2a7c779186dc20772604442dde72947e7d01069cbe98e3/pycparser-3.0-py3-none-any.whl", hash = "sha256:b727414169a36b7d524c1c3e31839a521725078d7b2ff038656844266160a992", size = 48172, upload-time = "2026-01-21T14:26:50.693Z" },
]

[[package]]
name = "pygments"
version = "2.19.2"
source = { registry = "https://pypi.org/simple" }
sdist = { url = "https://files.pythonhosted.org/packages/b0/77/a5b8c569bf593b0140bde72ea885a803b82086995367bf2037de0159d924/pygments-2.19.2.tar.gz", hash = "sha256:636cb2477cec7f8952536970bc533bc43743542f70392ae026374600add5b887", size = 4968631, upload-time = "2025-06-21T13:39:12.283Z" }
wheels = [
    { url = "https://files.pythonhosted.org/packages/c7/21/705964c7812476f378728bdf590ca4b771ec72385c533964653c68e86bdc/pygments-2.19.2-py3-none-any.whl", hash = "sha256:86540386c03d588bb81d44bc3928634ff26449851e99741617ecb9037ee5ec0b", size = 1225217, upload-time = "2025-06-21T13:39:07.939Z" },
]

[[package]]
name = "pyinstaller"
version = "6.19.0"
source = { registry = "https://pypi.org/simple" }
dependencies = [
    { name = "altgraph" },
    { name = "macholib", marker = "sys_platform == 'darwin'" },
    { name = "packaging" },
    { name = "pefile", marker = "sys_platform == 'win32'" },
    { name = "pyinstaller-hooks-contrib" },
    { name = "pywin32-ctypes", marker = "sys_platform == 'win32'" },
    { name = "setuptools" },
]
sdist = { url = "https://files.pythonhosted.org/packages/c8/63/fd62472b6371d89dc138d40c36d87a50dc2de18a035803bbdc376b4ffac4/pyinstaller-6.19.0.tar.gz", hash = "sha256:ec73aeb8bd9b7f2f1240d328a4542e90b3c6e6fbc106014778431c616592a865", size = 4036072, upload-time = "2026-02-14T18:06:28.718Z" }
wheels = [
    { url = "https://files.pythonhosted.org/packages/e3/eb/23374721fecfa72677e79800921cb6aceefa6ba48574dc404f3f6c6c3be7/pyinstaller-6.19.0-py3-none-macosx_10_13_universal2.whl", hash = "sha256:4190e76b74f0c4b5c5f11ac360928cd2e36ec8e3194d437bf6b8648c7bc0c134", size = 1040563, upload-time = "2026-02-14T18:05:22.436Z" },
    { url = "https://files.pythonhosted.org/packages/cd/7e/dfd724b0b533f5aaec0ee5df406fe2319987ed6964480a706f85478b12ea/pyinstaller-6.19.0-py3-none-manylinux2014_aarch64.whl", hash = "sha256:8bd68abd812d8a6ba33b9f1810e91fee0f325969733721b78151f0065319ca11", size = 735477, upload-time = "2026-02-14T18:05:27.143Z" },
    { url = "https://files.pythonhosted.org/packages/88/c9/ee3a4101c31f26344e66896c73c1fd6ed8282bf871473365b7f8674af406/pyinstaller-6.19.0-py3-none-manylinux2014_i686.whl", hash = "sha256:1ec54ef967996ca61dacba676227e2b23219878ccce5ee9d6f3aada7b8ed8abf", size = 747143, upload-time = "2026-02-14T18:05:31.488Z" },
    { url = "https://files.pythonhosted.org/packages/da/0a/fc77e9f861be8cf300ac37155f59cc92aff99b29f2ddd78546f563a5b5a6/pyinstaller-6.19.0-py3-none-manylinux2014_ppc64le.whl", hash = "sha256:4ab2bb52e58448e14ddf9450601bdedd66800465043501c1d8f1cab87b60b122", size = 744849, upload-time = "2026-02-14T18:05:35.492Z" },
    { url = "https://files.pythonhosted.org/packages/6d/e3/6872e020ee758afe0b821663858492c10745608b07150e5e2c824a5b3e1c/pyinstaller-6.19.0-py3-none-manylinux2014_s390x.whl", hash = "sha256:da6d5c6391ccefe73554b9fa29b86001c8e378e0f20c2a4004f836ba537eff63", size = 741590, upload-time = "2026-02-14T18:05:39.59Z" },
    { url = "https://files.pythonhosted.org/packages/53/60/b8db5f1a4b0fb228175f2ea0aa33f949adcc097fbe981cc524f9faf85777/pyinstaller-6.19.0-py3-none-manylinux2014_x86_64.whl", hash = "sha256:a0fc5f6b3c55aa54353f0c74ffa59b1115433c1850c6f655d62b461a2ed6cbbe", size = 741448, upload-time = "2026-02-14T18:05:45.636Z" },
    { url = "https://files.pythonhosted.org/packages/6f/4d/63b0600f2694e9141b83129fbc1c488ec84d5a0770b1448ec154dcd0fee9/pyinstaller-6.19.0-py3-none-musllinux_1_1_aarch64.whl", hash = "sha256:e649ba6bd1b0b89b210ad92adb5fbdc8a42dd2c5ca4f72ef3a0bfec83a424b83", size = 740613, upload-time = "2026-02-14T18:05:49.726Z" },
    { url = "https://files.pythonhosted.org/packages/01/d4/e812ad36178093a0e9fd4b8127577748dd85b0cb71de912229dca21fd741/pyinstaller-6.19.0-py3-none-musllinux_1_1_x86_64.whl", hash = "sha256:481a909c8e60c8692fc60fcb1344d984b44b943f8bc9682f2fcdae305ad297e6", size = 740350, upload-time = "2026-02-14T18:05:54.093Z" },
    { url = "https://files.pythonhosted.org/packages/52/03/b2c2ee41fb8e10fd2a45d21f5ec2ef25852cfb978dbf762972eed59e3d63/pyinstaller-6.19.0-py3-none-win32.whl", hash = "sha256:3c5c251054fe4cfaa04c34a363dcfbf811545438cb7198304cd444756bc2edd2", size = 1324317, upload-time = "2026-02-14T18:06:00.085Z" },
    { url = "https://files.pythonhosted.org/packages/9c/d3/6d5e62b8270e2b53a6065e281b3a7785079b00e9019c8019952828dd1669/pyinstaller-6.19.0-py3-none-win_amd64.whl", hash = "sha256:b5bb6536c6560330d364d91522250f254b107cf69129d9cbcd0e6727c570be33", size = 1384894, upload-time = "2026-02-14T18:06:06.425Z" },
    { url = "https://files.pythonhosted.org/packages/81/65/458cd523308a101a22fd2742893405030cc24994cc74b1b767cecf137160/pyinstaller-6.19.0-py3-none-win_arm64.whl", hash = "sha256:c2d5a539b0bfe6159d5522c8c70e1c0e487f22c2badae0f97d45246223b798ea", size = 1325374, upload-time = "2026-02-14T18:06:12.804Z" },
]

[[package]]
name = "pyinstaller-hooks-contrib"
version = "2026.3"
source = { registry = "https://pypi.org/simple" }
dependencies = [
    { name = "packaging" },
    { name = "setuptools" },
]
sdist = { url = "https://files.pythonhosted.org/packages/80/17/716326f6ba18d0663f7995ae369c23e50efebc22fbb054e9710a45688f61/pyinstaller_hooks_contrib-2026.3.tar.gz", hash = "sha256:800d3a198a49a6cd0de2d7fb795005fdca7a0222ed9cb47c0691abd1c27b9310", size = 172323, upload-time = "2026-03-09T22:44:06.345Z" }
wheels = [
    { url = "https://files.pythonhosted.org/packages/ed/19/781352446af28755f16ce52b2d97f7a6f2d7974ac34c00ca5cd8c40c9098/pyinstaller_hooks_contrib-2026.3-py3-none-any.whl", hash = "sha256:5ecd1068ad262afecadf07556279d2be52ca93a88b049fae17f1a2eb2969254a", size = 454625, upload-time = "2026-03-09T22:44:04.717Z" },
]

[[package]]
name = "pyobjc-core"
version = "12.1"
source = { registry = "https://pypi.org/simple" }
sdist = { url = "https://files.pythonhosted.org/packages/b8/b6/d5612eb40be4fd5ef88c259339e6313f46ba67577a95d86c3470b951fce0/pyobjc_core-12.1.tar.gz", hash = "sha256:2bb3903f5387f72422145e1466b3ac3f7f0ef2e9960afa9bcd8961c5cbf8bd21", size = 1000532, upload-time = "2025-11-14T10:08:28.292Z" }
wheels = [
    { url = "https://files.pythonhosted.org/packages/64/5a/6b15e499de73050f4a2c88fff664ae154307d25dc04da8fb38998a428358/pyobjc_core-12.1-cp312-cp312-macosx_10_13_universal2.whl", hash = "sha256:818bcc6723561f207e5b5453efe9703f34bc8781d11ce9b8be286bb415eb4962", size = 678335, upload-time = "2025-11-14T09:32:20.107Z" },
]

[[package]]
name = "pyobjc-framework-cocoa"
version = "12.1"
source = { registry = "https://pypi.org/simple" }
dependencies = [
    { name = "pyobjc-core" },
]
sdist = { url = "https://files.pythonhosted.org/packages/02/a3/16ca9a15e77c061a9250afbae2eae26f2e1579eb8ca9462ae2d2c71e1169/pyobjc_framework_cocoa-12.1.tar.gz", hash = "sha256:5556c87db95711b985d5efdaaf01c917ddd41d148b1e52a0c66b1a2e2c5c1640", size = 2772191, upload-time = "2025-11-14T10:13:02.069Z" }
wheels = [
    { url = "https://files.pythonhosted.org/packages/95/bf/ee4f27ec3920d5c6fc63c63e797c5b2cc4e20fe439217085d01ea5b63856/pyobjc_framework_cocoa-12.1-cp312-cp312-macosx_10_13_universal2.whl", hash = "sha256:547c182837214b7ec4796dac5aee3aa25abc665757b75d7f44f83c994bcb0858", size = 384590, upload-time = "2025-11-14T09:41:17.336Z" },
]

[[package]]
name = "pyobjc-framework-quartz"
version = "12.1"
source = { registry = "https://pypi.org/simple" }
dependencies = [
    { name = "pyobjc-core" },
    { name = "pyobjc-framework-cocoa" },
]
sdist = { url = "https://files.pythonhosted.org/packages/94/18/cc59f3d4355c9456fc945eae7fe8797003c4da99212dd531ad1b0de8a0c6/pyobjc_framework_quartz-12.1.tar.gz", hash = "sha256:27f782f3513ac88ec9b6c82d9767eef95a5cf4175ce88a1e5a65875fee799608", size = 3159099, upload-time = "2025-11-14T10:21:24.31Z" }
wheels = [
    { url = "https://files.pythonhosted.org/packages/e9/9b/780f057e5962f690f23fdff1083a4cfda5a96d5b4d3bb49505cac4f624f2/pyobjc_framework_quartz-12.1-cp312-cp312-macosx_10_13_universal2.whl", hash = "sha256:7730cdce46c7e985535b5a42c31381af4aa6556e5642dc55b5e6597595e57a16", size = 218798, upload-time = "2025-11-14T10:00:01.236Z" },
]

[[package]]
name = "pyobjc-framework-security"
version = "12.1"
source = { registry = "https://pypi.org/simple" }
dependencies = [
    { name = "pyobjc-core" },
    { name = "pyobjc-framework-cocoa" },
]
sdist = { url = "https://files.pythonhosted.org/packages/80/aa/796e09a3e3d5cee32ebeebb7dcf421b48ea86e28c387924608a05e3f668b/pyobjc_framework_security-12.1.tar.gz", hash = "sha256:7fecb982bd2f7c4354513faf90ba4c53c190b7e88167984c2d0da99741de6da9", size = 168044, upload-time = "2025-11-14T10:22:06.334Z" }
wheels = [
    { url = "https://files.pythonhosted.org/packages/76/66/5160c0f938fc0515fe8d9af146aac1b093f7ef285ce797fedae161b6c0e8/pyobjc_framework_security-12.1-cp312-cp312-macosx_10_13_universal2.whl", hash = "sha256:ab42e55f5b782332be5442750fcd9637ee33247d57c7b1d5801bc0e24ee13278", size = 41280, upload-time = "2025-11-14T10:02:58.097Z" },
]

[[package]]
name = "pyobjc-framework-uniformtypeidentifiers"
version = "12.1"
source = { registry = "https://pypi.org/simple" }
dependencies = [
    { name = "pyobjc-core" },
    { name = "pyobjc-framework-cocoa" },
]
sdist = { url = "https://files.pythonhosted.org/packages/65/b8/dd9d2a94509a6c16d965a7b0155e78edf520056313a80f0cd352413f0d0b/pyobjc_framework_uniformtypeidentifiers-12.1.tar.gz", hash = "sha256:64510a6df78336579e9c39b873cfcd03371c4b4be2cec8af75a8a3d07dff607d", size = 17030, upload-time = "2025-11-14T10:23:02.222Z" }
wheels = [
    { url = "https://files.pythonhosted.org/packages/4e/5f/1f10f5275b06d213c9897850f1fca9c881c741c1f9190cea6db982b71824/pyobjc_framework_uniformtypeidentifiers-12.1-py2.py3-none-any.whl", hash = "sha256:ec5411e39152304d2a7e0e426c3058fa37a00860af64e164794e0bcffee813f2", size = 4901, upload-time = "2025-11-14T10:05:51.532Z" },
]

[[package]]
name = "pyobjc-framework-webkit"
version = "12.1"
source = { registry = "https://pypi.org/simple" }
dependencies = [
    { name = "pyobjc-core" },
    { name = "pyobjc-framework-cocoa" },
]
sdist = { url = "https://files.pythonhosted.org/packages/14/10/110a50e8e6670765d25190ca7f7bfeecc47ec4a8c018cb928f4f82c56e04/pyobjc_framework_webkit-12.1.tar.gz", hash = "sha256:97a54dd05ab5266bd4f614e41add517ae62cdd5a30328eabb06792474b37d82a", size = 284531, upload-time = "2025-11-14T10:23:40.287Z" }
wheels = [
    { url = "https://files.pythonhosted.org/packages/db/67/64920c8d201a7fc27962f467c636c4e763b43845baba2e091a50a97a5d52/pyobjc_framework_webkit-12.1-cp312-cp312-macosx_10_13_universal2.whl", hash = "sha256:af2c7197447638b92aafbe4847c063b6dd5e1ed83b44d3ce7e71e4c9b042ab5a", size = 50084, upload-time = "2025-11-14T10:07:05.868Z" },
]

[[package]]
name = "pytest"
version = "9.0.2"
source = { registry = "https://pypi.org/simple" }
dependencies = [
    { name = "colorama", marker = "sys_platform == 'win32'" },
    { name = "iniconfig" },
    { name = "packaging" },
    { name = "pluggy" },
    { name = "pygments" },
]
sdist = { url = "https://files.pythonhosted.org/packages/d1/db/7ef3487e0fb0049ddb5ce41d3a49c235bf9ad299b6a25d5780a89f19230f/pytest-9.0.2.tar.gz", hash = "sha256:75186651a92bd89611d1d9fc20f0b4345fd827c41ccd5c299a868a05d70edf11", size = 1568901, upload-time = "2025-12-06T21:30:51.014Z" }
wheels = [
    { url = "https://files.pythonhosted.org/packages/3b/ab/b3226f0bd7cdcf710fbede2b3548584366da3b19b5021e74f5bde2a8fa3f/pytest-9.0.2-py3-none-any.whl", hash = "sha256:711ffd45bf766d5264d487b917733b453d917afd2b0ad65223959f59089f875b", size = 374801, upload-time = "2025-12-06T21:30:49.154Z" },
]

[[package]]
name = "pythonnet"
version = "3.0.5"
source = { registry = "https://pypi.org/simple" }
dependencies = [
    { name = "clr-loader" },
]
sdist = { url = "https://files.pythonhosted.org/packages/9a/d6/1afd75edd932306ae9bd2c2d961d603dc2b52fcec51b04afea464f1f6646/pythonnet-3.0.5.tar.gz", hash = "sha256:48e43ca463941b3608b32b4e236db92d8d40db4c58a75ace902985f76dac21cf", size = 239212, upload-time = "2024-12-13T08:30:44.393Z" }
wheels = [
    { url = "https://files.pythonhosted.org/packages/cd/f1/bfb6811df4745f92f14c47a29e50e89a36b1533130fcc56452d4660bd2d6/pythonnet-3.0.5-py3-none-any.whl", hash = "sha256:f6702d694d5d5b163c9f3f5cc34e0bed8d6857150237fae411fefb883a656d20", size = 297506, upload-time = "2024-12-13T08:30:40.661Z" },
]

[[package]]
name = "pywebview"
version = "6.1"
source = { registry = "https://pypi.org/simple" }
dependencies = [
    { name = "bottle" },
    { name = "proxy-tools" },
    { name = "pyobjc-core", marker = "sys_platform == 'darwin'" },
    { name = "pyobjc-framework-cocoa", marker = "sys_platform == 'darwin'" },
    { name = "pyobjc-framework-quartz", marker = "sys_platform == 'darwin'" },
    { name = "pyobjc-framework-security", marker = "sys_platform == 'darwin'" },
    { name = "pyobjc-framework-uniformtypeidentifiers", marker = "sys_platform == 'darwin'" },
    { name = "pyobjc-framework-webkit", marker = "sys_platform == 'darwin'" },
    { name = "pythonnet", marker = "sys_platform == 'win32'" },
    { name = "qtpy", marker = "sys_platform == 'openbsd6'" },
    { name = "typing-extensions" },
]
sdist = { url = "https://files.pythonhosted.org/packages/64/09/75cf92c4db19350ddb084d841e352ce30e89668815d0494d1dd595c85469/pywebview-6.1.tar.gz", hash = "sha256:f0b95047860caf3d921581f9e16b4edb1a125b23e2ce691c4da2968f8b160ff2", size = 496270, upload-time = "2025-10-21T18:02:44.323Z" }
wheels = [
    { url = "https://files.pythonhosted.org/packages/74/12/ce9006cdcc1834378826b5c0d4b554d899cd25ac9c665569d060f220b0e1/pywebview-6.1-py3-none-any.whl", hash = "sha256:2b552a340557e76a740b045a25937f72dae751e0985d5f5d9556f697ba622ec5", size = 511255, upload-time = "2025-10-21T18:02:42.377Z" },
]

[[package]]
name = "pywin32"
version = "311"
source = { registry = "https://pypi.org/simple" }
wheels = [
    { url = "https://files.pythonhosted.org/packages/e7/ab/01ea1943d4eba0f850c3c61e78e8dd59757ff815ff3ccd0a84de5f541f42/pywin32-311-cp312-cp312-win32.whl", hash = "sha256:750ec6e621af2b948540032557b10a2d43b0cee2ae9758c54154d711cc852d31", size = 8706543, upload-time = "2025-07-14T20:13:20.765Z" },
    { url = "https://files.pythonhosted.org/packages/d1/a8/a0e8d07d4d051ec7502cd58b291ec98dcc0c3fff027caad0470b72cfcc2f/pywin32-311-cp312-cp312-win_amd64.whl", hash = "sha256:b8c095edad5c211ff31c05223658e71bf7116daa0ecf3ad85f3201ea3190d067", size = 9495040, upload-time = "2025-07-14T20:13:22.543Z" },
    { url = "https://files.pythonhosted.org/packages/ba/3a/2ae996277b4b50f17d61f0603efd8253cb2d79cc7ae159468007b586396d/pywin32-311-cp312-cp312-win_arm64.whl", hash = "sha256:e286f46a9a39c4a18b319c28f59b61de793654af2f395c102b4f819e584b5852", size = 8710102, upload-time = "2025-07-14T20:13:24.682Z" },
]

[[package]]
name = "pywin32-ctypes"
version = "0.2.3"
source = { registry = "https://pypi.org/simple" }
sdist = { url = "https://files.pythonhosted.org/packages/85/9f/01a1a99704853cb63f253eea009390c88e7131c67e66a0a02099a8c917cb/pywin32-ctypes-0.2.3.tar.gz", hash = "sha256:d162dc04946d704503b2edc4d55f3dba5c1d539ead017afa00142c38b9885755", size = 29471, upload-time = "2024-08-14T10:15:34.626Z" }
wheels = [
    { url = "https://files.pythonhosted.org/packages/de/3d/8161f7711c017e01ac9f008dfddd9410dff3674334c233bde66e7ba65bbf/pywin32_ctypes-0.2.3-py3-none-any.whl", hash = "sha256:8a1513379d709975552d202d942d9837758905c8d01eb82b8bcc30918929e7b8", size = 30756, upload-time = "2024-08-14T10:15:33.187Z" },
]

[[package]]
name = "qtpy"
version = "2.4.3"
source = { registry = "https://pypi.org/simple" }
dependencies = [
    { name = "packaging" },
]
sdist = { url = "https://files.pythonhosted.org/packages/70/01/392eba83c8e47b946b929d7c46e0f04b35e9671f8bb6fc36b6f7945b4de8/qtpy-2.4.3.tar.gz", hash = "sha256:db744f7832e6d3da90568ba6ccbca3ee2b3b4a890c3d6fbbc63142f6e4cdf5bb", size = 66982, upload-time = "2025-02-11T15:09:25.759Z" }
wheels = [
    { url = "https://files.pythonhosted.org/packages/69/76/37c0ccd5ab968a6a438f9c623aeecc84c202ab2fabc6a8fd927580c15b5a/QtPy-2.4.3-py3-none-any.whl", hash = "sha256:72095afe13673e017946cc258b8d5da43314197b741ed2890e563cf384b51aa1", size = 95045, upload-time = "2025-02-11T15:09:24.162Z" },
]

[[package]]
name = "setuptools"
version = "82.0.1"
source = { registry = "https://pypi.org/simple" }
sdist = { url = "https://files.pythonhosted.org/packages/4f/db/cfac1baf10650ab4d1c111714410d2fbb77ac5a616db26775db562c8fab2/setuptools-82.0.1.tar.gz", hash = "sha256:7d872682c5d01cfde07da7bccc7b65469d3dca203318515ada1de5eda35efbf9", size = 1152316, upload-time = "2026-03-09T12:47:17.221Z" }
wheels = [
    { url = "https://files.pythonhosted.org/packages/9d/76/f789f7a86709c6b087c5a2f52f911838cad707cc613162401badc665acfe/setuptools-82.0.1-py3-none-any.whl", hash = "sha256:a59e362652f08dcd477c78bb6e7bd9d80a7995bc73ce773050228a348ce2e5bb", size = 1006223, upload-time = "2026-03-09T12:47:15.026Z" },
]

[[package]]
name = "typing-extensions"
version = "4.15.0"
source = { registry = "https://pypi.org/simple" }
sdist = { url = "https://files.pythonhosted.org/packages/72/94/1a15dd82efb362ac84269196e94cf00f187f7ed21c242792a923cdb1c61f/typing_extensions-4.15.0.tar.gz", hash = "sha256:0cea48d173cc12fa28ecabc3b837ea3cf6f38c6d1136f85cbaaf598984861466", size = 109391, upload-time = "2025-08-25T13:49:26.313Z" }
wheels = [
    { url = "https://files.pythonhosted.org/packages/18/67/36e9267722cc04a6b9f15c7f3441c2363321a3ea07da7ae0c0707beb2a9c/typing_extensions-4.15.0-py3-none-any.whl", hash = "sha256:f0fa19c6845758ab08074a0cfa8b7aecb71c999ca73d62883bc25cc018c4e548", size = 44614, upload-time = "2025-08-25T13:49:24.86Z" },
]

[[package]]
name = "winrt-runtime"
version = "3.2.1"
source = { registry = "https://pypi.org/simple" }
dependencies = [
    { name = "typing-extensions" },
]
sdist = { url = "https://files.pythonhosted.org/packages/16/dd/acdd527c1d890c8f852cc2af644aa6c160974e66631289420aa871b05e65/winrt_runtime-3.2.1.tar.gz", hash = "sha256:c8dca19e12b234ae6c3dadf1a4d0761b51e708457492c13beb666556958801ea", size = 21721, upload-time = "2025-06-06T14:40:27.593Z" }
wheels = [
    { url = "https://files.pythonhosted.org/packages/d3/54/3dd06f2341fab6abb06588a16b30e0b213b0125be7b79dafc3bdba3b334a/winrt_runtime-3.2.1-cp312-cp312-win32.whl", hash = "sha256:762b3d972a2f7037f7db3acbaf379dd6d8f6cda505f71f66c6b425d1a1eae2f1", size = 210090, upload-time = "2025-06-06T06:44:08.151Z" },
    { url = "https://files.pythonhosted.org/packages/ca/a1/1d7248d5c62ccbea5f3e0da64ca4529ce99c639c3be2485b6ed709f5c740/winrt_runtime-3.2.1-cp312-cp312-win_amd64.whl", hash = "sha256:06510db215d4f0dc45c00fbb1251c6544e91742a0ad928011db33b30677e1576", size = 241391, upload-time = "2025-06-06T06:44:09.442Z" },
    { url = "https://files.pythonhosted.org/packages/8a/ae/6a205d8dafc79f7c242be7f940b1e0c1971fd64ab3079bda4b514aa3d714/winrt_runtime-3.2.1-cp312-cp312-win_arm64.whl", hash = "sha256:14562c29a087ccad38e379e585fef333e5c94166c807bdde67b508a6261aa195", size = 415242, upload-time = "2025-06-06T06:44:10.407Z" },
]

[[package]]
name = "winrt-windows-devices-enumeration"
version = "3.2.1"
source = { registry = "https://pypi.org/simple" }
dependencies = [
    { name = "winrt-runtime" },
]
sdist = { url = "https://files.pythonhosted.org/packages/9e/dd/75835bfbd063dffa152109727dedbd80f6e92ea284855f7855d48cdf31c9/winrt_windows_devices_enumeration-3.2.1.tar.gz", hash = "sha256:df316899e39bfc0ffc1f3cb0f5ee54d04e1d167fbbcc1484d2d5121449a935cf", size = 23538, upload-time = "2025-06-06T14:41:26.787Z" }
wheels = [
    { url = "https://files.pythonhosted.org/packages/31/3e/81642208ecd6c6c936f35a39a433c54e3f68e09d316546b8f953581ae334/winrt_windows_devices_enumeration-3.2.1-cp312-cp312-win32.whl", hash = "sha256:1db22b0292b93b0688d11ad932ad1f3629d4f471310281a2fbfe187530c2c1f3", size = 130249, upload-time = "2025-06-06T07:02:02.237Z" },
    { url = "https://files.pythonhosted.org/packages/00/f4/a9ede5f3f0d86abfc7590726cf711133d97419b49ced372fca532e4f0696/winrt_windows_devices_enumeration-3.2.1-cp312-cp312-win_amd64.whl", hash = "sha256:a73bc88d7f510af454f2b392985501c96f39b89fd987140708ccaec1588ceebc", size = 141512, upload-time = "2025-06-06T07:02:03.424Z" },
    { url = "https://files.pythonhosted.org/packages/31/ef/4fad07c03124bdc3acd64f80f3bd3cc4417ea641e07bb16a9503afd3e554/winrt_windows_devices_enumeration-3.2.1-cp312-cp312-win_arm64.whl", hash = "sha256:2853d687803f0dd76ae1afe3648abc0453e09dff0e7eddbb84b792eddb0473ca", size = 135383, upload-time = "2025-06-06T07:02:04.312Z" },
]

[[package]]
name = "winrt-windows-foundation"
version = "3.2.1"
source = { registry = "https://pypi.org/simple" }
dependencies = [
    { name = "winrt-runtime" },
]
sdist = { url = "https://files.pythonhosted.org/packages/0c/55/098ce7ea0679efcc1298b269c48768f010b6c68f90c588f654ec874c8a74/winrt_windows_foundation-3.2.1.tar.gz", hash = "sha256:ad2f1fcaa6c34672df45527d7c533731fdf65b67c4638c2b4aca949f6eec0656", size = 30485, upload-time = "2025-06-06T14:41:53.344Z" }
wheels = [
    { url = "https://files.pythonhosted.org/packages/f3/f8/495e304ddedd5ff2f196efbde906265cb75ade4d79e2937837f72ef654a0/winrt_windows_foundation-3.2.1-cp312-cp312-win32.whl", hash = "sha256:867642ccf629611733db482c4288e17b7919f743a5873450efb6d69ae09fdc2b", size = 112169, upload-time = "2025-06-06T07:11:01.438Z" },
    { url = "https://files.pythonhosted.org/packages/9b/5e/b5059e4ece095351c496c9499783130c302d25e353c18031d5231b1b3b3c/winrt_windows_foundation-3.2.1-cp312-cp312-win_amd64.whl", hash = "sha256:45550c5b6c2125cde495c409633e6b1ea5aa1677724e3b95eb8140bfccbe30c9", size = 118668, upload-time = "2025-06-06T07:11:02.475Z" },
    { url = "https://files.pythonhosted.org/packages/a5/70/acbcb3ef07b1b67e2de4afab9176a5282cfd775afd073efe6828dfc65ace/winrt_windows_foundation-3.2.1-cp312-cp312-win_arm64.whl", hash = "sha256:94f4661d71cb35ebc52be7af112f2eeabdfa02cb05e0243bf9d6bd2cafaa6f37", size = 109671, upload-time = "2025-06-06T07:11:03.538Z" },
]

[[package]]
name = "winrt-windows-foundation-collections"
version = "3.2.1"
source = { registry = "https://pypi.org/simple" }
dependencies = [
    { name = "winrt-runtime" },
]
sdist = { url = "https://files.pythonhosted.org/packages/ef/62/d21e3f1eeb8d47077887bbf0c3882c49277a84d8f98f7c12bda64d498a07/winrt_windows_foundation_collections-3.2.1.tar.gz", hash = "sha256:0eff1ad0d8d763ad17e9e7bbd0c26a62b27215016393c05b09b046d6503ae6d5", size = 16043, upload-time = "2025-06-06T14:41:53.983Z" }
wheels = [
    { url = "https://files.pythonhosted.org/packages/1d/0b/7802349391466d3f7e8f62f588f36a1a0b6560abfcdbdaa426fe21d322b4/winrt_windows_foundation_collections-3.2.1-cp312-cp312-win32.whl", hash = "sha256:15704eef3125788f846f269cf54a3d89656fa09a1dc8428b70871f717d595ad6", size = 60060, upload-time = "2025-06-06T07:11:16.173Z" },
    { url = "https://files.pythonhosted.org/packages/37/94/5b888713e472746635a382e523513ab1b8200af55c5b56bc70e1e4369115/winrt_windows_foundation_collections-3.2.1-cp312-cp312-win_amd64.whl", hash = "sha256:550dfb8c82fe74d9e0728a2a16a9175cc9e34ca2b8ef758d69b2a398894b698b", size = 69058, upload-time = "2025-06-06T07:11:17.009Z" },
    { url = "https://files.pythonhosted.org/packages/5f/3c/829273622c9b37c67b97f187b92be318404f7d33db045e31d72b7d50f54c/winrt_windows_foundation_collections-3.2.1-cp312-cp312-win_arm64.whl", hash = "sha256:810ad4bd11ab4a74fdbcd3ed33b597ef7c0b03af73fc9d7986c22bcf3bd24f84", size = 58793, upload-time = "2025-06-06T07:11:17.837Z" },
]

[[package]]
name = "winrt-windows-media-audio"
version = "3.2.1"
source = { registry = "https://pypi.org/simple" }
dependencies = [
    { name = "winrt-runtime" },
]
sdist = { url = "https://files.pythonhosted.org/packages/cc/66/7b585f958e8b5529c9c5700ee0673a0a3aca780073433b842751dda38aee/winrt_windows_media_audio-3.2.1.tar.gz", hash = "sha256:f5ef04ba9476ce3c748f536e35f1fb77bedabd6a065ec2172b67cee3cc9f5ff8", size = 48155, upload-time = "2025-06-06T14:42:24.671Z" }
wheels = [
    { url = "https://files.pythonhosted.org/packages/63/6a/954bbe312d2aa1dd01b6c76530496b133dba9d61a0e199fb82ce74c69aae/winrt_windows_media_audio-3.2.1-cp312-cp312-win32.whl", hash = "sha256:69023fec6aa5e62b05f37022cc37fecf5a33e3603ca57ba10eac7e53f4d578b2", size = 197229, upload-time = "2025-06-06T07:21:21.859Z" },
    { url = "https://files.pythonhosted.org/packages/36/94/11b5ddcdf56dcdcc41499583298332ad7009baf478bdee3b0bf36526b331/winrt_windows_media_audio-3.2.1-cp312-cp312-win_amd64.whl", hash = "sha256:5aa11da081abc2d2ac1dd0b2754ecbc2d74e1095ee3d96d7a5fbb0d688b8a0bd", size = 205632, upload-time = "2025-06-06T07:21:23.125Z" },
    { url = "https://files.pythonhosted.org/packages/05/10/748b6f1f2011aa2abd5c5a53759d32c702162f799790e7e7ec00510c0938/winrt_windows_media_audio-3.2.1-cp312-cp312-win_arm64.whl", hash = "sha256:ea0c5d5e8370bed7791cc6c022eb82b117433f40e8ba7577cd550e923f53488f", size = 199764, upload-time = "2025-06-06T07:21:24.148Z" },
]
